{
  "version": 4,
  "terraform_version": "1.7.2",
  "serial": 336,
  "lineage": "8edb2c5c-6bf6-f205-7263-d24483f48d68",
  "outputs": {
    "api_gateway_endpoint": {
      "value": "https://vmnqyqi7ma.execute-api.eu-west-2.amazonaws.com/v1/",
      "type": "string"
    },
    "api_key_value": {
      "value": "CJa2XPKASd2VZbot5MlHIa865ZHv1sz2acLljziV",
      "type": "string",
      "sensitive": true
    }
  },
  "resources": [
    {
      "mode": "data",
      "type": "aws_caller_identity",
      "name": "this",
      "provider": "provider[\"registry.terraform.io/hashicorp/aws\"]",
      "instances": [
        {
          "schema_version": 0,
          "attributes": {
            "account_id": "469147938340",
            "arn": "arn:aws:sts::469147938340:assumed-role/AWSReservedSSO_AdministratorAccess_77548aa0ca371ffb/andredp@aleios.com",
            "id": "469147938340",
            "user_id": "AROAW2O3FNYSF6TXKB6DH:andredp@aleios.com"
          },
          "sensitive_attributes": []
        }
      ]
    },
    {
      "mode": "data",
      "type": "aws_ecr_authorization_token",
      "name": "this",
      "provider": "provider[\"registry.terraform.io/hashicorp/aws\"]",
      "instances": [
        {
          "schema_version": 0,
          "attributes": {
            "authorization_token": "QVdTOmV5SndZWGxzYjJGa0lqb2ljbXN3VG5SS1NWaDNkemgyTlVWdk4yRXJXSGhHVEhaVWFrVTFVRFpTV1ZKNFlVTjJTbVJ2V25kd1prZHFRWGd3ZEU1aVpHZFVaWGh6Y3pKbU5sSlJhbTVGYTJ0bmRub3hOVlJFTjBGNlZXSjNVa3hQZG5VMWJXNXVURXhLWW1abWVYbDBiVmxJWVRWTlpHRnpWVkF4UW0xb01HazJRWE16UmpWbVlrRTNaWEY0U21KSlRHWklVMmhtTmtaSVZWY3dValZWY2tKclJGaDZTakJWVEhoc05WcHVhamNyYlhkTk0yOTFWazlSU0RCVFdYZHRjaTl1UmtKRlFtbEVZVVpaWVZsaGNVVk9NbUozVTFRNFZXTkZRekk0U1hCbVkzQm9XVzVXWjBGeFIxYzRUV2hVY1dWa1VsYzBRVTFKVjJKWWEzVTBibXRLVTFGb0sxcG1kVzVwVFd0UmJWUm1WbEpqTDJSblJUaFFjMjR2Ymt0WFVIRm5ObTVuY2twR1VsaDJVRmR6VTJaUFVsbEJhRXBJZWpKaFNHcGpaMnc1WkRsMFRraFhMM1pQUVVNMFEySTBSMVJDVjNoT1FUSjJUVWhoVGxCelEwSmxTVU5SZDBNclp5dEJURzlUUVd0aE9IZG9Tekp4V1ZwVlRYaEhTbkJQVms5MVkwbG5PRGRoVmxGeFpXSnZaVlpxTjNGSFJqbHVRMEozVjBSR2JFRTBibUpZYkZGd1YwaHVXVlJLUTBKYVVpOHlOM0F2U0c5RlJVVXpZelZYTjBkUWFHTndTbVZJTUZaRk1EbG1SMFZaTHpJeFVURllhR3RuTWpVd01qVm5URnBxVm01YVlWVnRaRE5TZDIxemIzaFNNRWR3VUVoTWFscFFTbWhQUzNSTGFtOTZWazF0UldoVmIzVTVTRFJFSzJneGJVdE5ZV2hhYUhWd1F6ZFpOV0pvZUZaNFdsVlBWa1pCVTNCUWVVaHlUbXRzYUV4b1kxSkRXRFJPYkRCWllWa3hSbXRNTWtGb1UzZ3lOVWt6YUdsSVF5OUJSVzVhYlhvdlpuaFhURFpxZURsb2VVOVNORE5MYzNWS09EaHFRVk0wTTBNeFJ6VlROVFJ0VGs0dmFTdHRjWEZzUzA1TlNYaElkRGRUZDFaM1dDOWFNbGxMVVZKQlR6Qk5Wa3BpZURkbEwzVmhLMHQxVDAxb1IxQXJjVGR0U0VsMVVrRktRVVJsT1ZSclRVb3hhVVJUY1dKa2NFZ3lSbmh4TVRSRmEweHhaVTV1VFVSbmFsSk9OMlpFYTFGdGJrNWhRelZKTnpoblZWb3pRbGt4T0M5c1ZVcEtUVFozWTNKc1RUQTRZWEJEVERCa1pHMUNOV0UzYVRCaWFtOVVNVEpRZUcxUlVIRlVSMVV4TVhoeFVFUjRNazlZY3pCUVEwVnVUa2hIV2tSdFNWRXZaekl3TUU5dWFURTNkaTl2TkdSdE1GSjJTSEZQYzBaamFFSmhaMlV5WjBkUldqZGljRTlEVkZwWmFHVkVRVWhwWVM5aVdVZGhRMWxFV1ZRM2NUSXdkRWhqWW5OVlQwNUNjVzFCT0ZaM2FFbGhUUzkzU1c0elJFSlFWMk5hTDBJek5rWlRhVTF2WVZwQ1NGaHJSaTlFVXpKWlMxVldjbGx3TXpJMFJEbFhkRE5xWVdSbFdsQnZhekZWZEVsbVUwTTNPRGN3TmpSYWNGRTRUR0p4YkhCcU1rMVJWM2xhZG10UWJHMU1NRlEzZG5rNVdsYzJkMFJDZUZGblJrUnhOVkppYVhOMk5VWjBhVmN6YUU1R1YyNW5jbUpIZDBkWVlraERabUZZYzBZemR6QkNZMWhzTld3eWJuWkdNVVZvVnpacWMwSlROREJoZG5WTVJWTnBiRkZCYmtORFIzSnpSSFowU0Zsb1ZXbHlZV3RwWjJWblREVmtlVEZ4ZW5odmRXVnpRWEZZWVN0eFJ6aFJNRkE1VGt0WVNFRjRUM1ZCT1ZZM1lrZDRNakYyUzBSTGFXNW9iMDl5UzFsaFdFazJRVkJUUTFGaFJVTmxhWGhMYTFCeVpubERTV0VyVmxreVYwbHBaMmhEVlVwVWR6RklLMkpHTVVJM2JWVTFha0ZIZVRJemFGb3dNV0ZNUmxOSVpsVTFPR2xNZFVWc2FqQkVMM0pOUWl0WFdURkJjVTgzV0ZSaGJraE5RM2hWT1hKVVJXeHlVVWwyVUhSeGJGQkhTbGw0VmxaNmNqWjBkVWR0WWpCQ05sTjFUV0Z1ZEdSb1QwY3JjME5WZEVKaFVsZFRiazgwVkZnelZYWXJUbUZyV0cxS05WQkxUVEF5VmtsVVoyRjBTWGhoTTA5WWRDOWtkMHBRZGxrMVEydGxPRmMyZWxaT1RFNTNWSGwzVVcxcFkzWkhlamM1V1ZKVmRHMHdVMG95WW1WMVFtcExNVzh6T1hwQmVVOTVia0ZwVkUxemVEbDFabGRaWVhGRFVGUTFkMFo0UTA5ME1XUldjRTgxZURCaFVEYzNTRUU5SWl3aVpHRjBZV3RsZVNJNklrRlJSVUpCU0doT1JIcFhWbTVaUjNsc1N6TjBWV0ZzU0VGT2NHMXlibEY2WVRWM05GYzBZMGhaVFZVNE1uUmlUa2wzUVVGQlNEUjNaa0ZaU2t0dldrbG9kbU5PUVZGalIyOUhPSGRpVVVsQ1FVUkNiMEpuYTNGb2EybEhPWGN3UWtKM1JYZElaMWxLV1VsYVNVRlhWVVJDUVVWMVRVSkZSVVJOWldkaVdGVnJPV3hzYmpJNWFqUTNkMGxDUlVsQk4yWlRZMkZWYWtoaFZuQlBZWE5vWTNGRVowOVdSekl3YmpBemVtNXVVblZ4YVdwemNrRTFURXN3VEdFM1pXeEZOV1JsZGpZNU1ESjFjWGxvVlVReFEzSm1iaXQ1Um1scU9UZFBZbTVYU2swOUlpd2lkbVZ5YzJsdmJpSTZJaklpTENKMGVYQmxJam9pUkVGVVFWOUxSVmtpTENKbGVIQnBjbUYwYVc5dUlqb3hOekE0TnpVMU5ERTJmUT09",
            "expires_at": "2024-02-24T06:16:56Z",
            "id": "eu-west-2",
            "password": "eyJwYXlsb2FkIjoicmswTnRKSVh3dzh2NUVvN2ErWHhGTHZUakU1UDZSWVJ4YUN2SmRvWndwZkdqQXgwdE5iZGdUZXhzczJmNlJRam5Fa2tndnoxNVREN0F6VWJ3UkxPdnU1bW5uTExKYmZmeXl0bVlIYTVNZGFzVVAxQm1oMGk2QXMzRjVmYkE3ZXF4SmJJTGZIU2hmNkZIVVcwUjVVckJrRFh6SjBVTHhsNVpuajcrbXdNM291Vk9RSDBTWXdtci9uRkJFQmlEYUZZYVlhcUVOMmJ3U1Q4VWNFQzI4SXBmY3BoWW5WZ0FxR1c4TWhUcWVkUlc0QU1JV2JYa3U0bmtKU1FoK1pmdW5pTWtRbVRmVlJjL2RnRThQc24vbktXUHFnNm5nckpGUlh2UFdzU2ZPUllBaEpIejJhSGpjZ2w5ZDl0TkhXL3ZPQUM0Q2I0R1RCV3hOQTJ2TUhhTlBzQ0JlSUNRd0MrZytBTG9TQWthOHdoSzJxWVpVTXhHSnBPVk91Y0lnODdhVlFxZWJvZVZqN3FHRjluQ0J3V0RGbEE0bmJYbFFwV0huWVRKQ0JaUi8yN3AvSG9FRUUzYzVXN0dQaGNwSmVIMFZFMDlmR0VZLzIxUTFYaGtnMjUwMjVnTFpqVm5aYVVtZDNSd21zb3hSMEdwUEhMalpQSmhPS3RLam96Vk1tRWhVb3U5SDREK2gxbUtNYWhaaHVwQzdZNWJoeFZ4WlVPVkZBU3BQeUhyTmtsaExoY1JDWDRObDBZYVkxRmtMMkFoU3gyNUkzaGlIQy9BRW5abXovZnhXTDZqeDloeU9SNDNLc3VKODhqQVM0M0MxRzVTNTRtTk4vaSttcXFsS05NSXhIdDdTd1Z3WC9aMllLUVJBTzBNVkpieDdlL3VhK0t1T01oR1ArcTdtSEl1UkFKQURlOVRrTUoxaURTcWJkcEgyRnhxMTRFa0xxZU5uTURnalJON2ZEa1Ftbk5hQzVJNzhnVVozQlkxOC9sVUpKTTZ3Y3JsTTA4YXBDTDBkZG1CNWE3aTBiam9UMTJQeG1RUHFUR1UxMXhxUER4Mk9YczBQQ0VuTkhHWkRtSVEvZzIwME9uaTE3di9vNGRtMFJ2SHFPc0ZjaEJhZ2UyZ0dRWjdicE9DVFpZaGVEQUhpYS9iWUdhQ1lEWVQ3cTIwdEhjYnNVT05CcW1BOFZ3aElhTS93SW4zREJQV2NaL0IzNkZTaU1vYVpCSFhrRi9EUzJZS1VWcllwMzI0RDlXdDNqYWRlWlBvazFVdElmU0M3ODcwNjRacFE4TGJxbHBqMk1RV3ladmtQbG1MMFQ3dnk5Wlc2d0RCeFFnRkRxNVJiaXN2NUZ0aVczaE5GV25ncmJHd0dYYkhDZmFYc0YzdzBCY1hsNWwybnZGMUVoVzZqc0JTNDBhdnVMRVNpbFFBbkNDR3JzRHZ0SFloVWlyYWtpZ2VnTDVkeTFxenhvdWVzQXFYYStxRzhRMFA5TktYSEF4T3VBOVY3Ykd4MjF2S0RLaW5ob09yS1lhWEk2QVBTQ1FhRUNlaXhLa1ByZnlDSWErVlkyV0lpZ2hDVUpUdzFIK2JGMUI3bVU1akFHeTIzaFowMWFMRlNIZlU1OGlMdUVsajBEL3JNQitXWTFBcU83WFRhbkhNQ3hVOXJURWxyUUl2UHRxbFBHSll4VlZ6cjZ0dUdtYjBCNlN1TWFudGRoT0crc0NVdEJhUldTbk80VFgzVXYrTmFrWG1KNVBLTTAyVklUZ2F0SXhhM09YdC9kd0pQdlk1Q2tlOFc2elZOTE53VHl3UW1pY3ZHejc5WVJVdG0wU0oyYmV1QmpLMW8zOXpBeU95bkFpVE1zeDl1ZldZYXFDUFQ1d0Z4Q090MWRWcE81eDBhUDc3SEE9IiwiZGF0YWtleSI6IkFRRUJBSGhORHpXVm5ZR3lsSzN0VWFsSEFOcG1yblF6YTV3NFc0Y0hZTVU4MnRiTkl3QUFBSDR3ZkFZSktvWklodmNOQVFjR29HOHdiUUlCQURCb0Jna3Foa2lHOXcwQkJ3RXdIZ1lKWUlaSUFXVURCQUV1TUJFRURNZWdiWFVrOWxsbjI5ajQ3d0lCRUlBN2ZTY2FVakhhVnBPYXNoY3FEZ09WRzIwbjAzem5uUnVxaWpzckE1TEswTGE3ZWxFNWRldjY5MDJ1cXloVUQxQ3Jmbit5RmlqOTdPYm5XSk09IiwidmVyc2lvbiI6IjIiLCJ0eXBlIjoiREFUQV9LRVkiLCJleHBpcmF0aW9uIjoxNzA4NzU1NDE2fQ==",
            "proxy_endpoint": "https://469147938340.dkr.ecr.eu-west-2.amazonaws.com",
            "registry_id": null,
            "user_name": "AWS"
          },
          "sensitive_attributes": []
        }
      ]
    },
    {
      "mode": "data",
      "type": "aws_region",
      "name": "this",
      "provider": "provider[\"registry.terraform.io/hashicorp/aws\"]",
      "instances": [
        {
          "schema_version": 0,
          "attributes": {
            "description": "Europe (London)",
            "endpoint": "ec2.eu-west-2.amazonaws.com",
            "id": "eu-west-2",
            "name": "eu-west-2"
          },
          "sensitive_attributes": []
        }
      ]
    },
    {
      "mode": "data",
      "type": "aws_subnet_ids",
      "name": "default",
      "provider": "provider[\"registry.terraform.io/hashicorp/aws\"]",
      "instances": [
        {
          "schema_version": 0,
          "attributes": {
            "filter": null,
            "id": "vpc-034bd97ef4ff91778",
            "ids": [
              "subnet-00b3dd1c1ae07dc70",
              "subnet-00fce10bbd7d3bbda",
              "subnet-0914d6747b8580db7"
            ],
            "tags": null,
            "timeouts": null,
            "vpc_id": "vpc-034bd97ef4ff91778"
          },
          "sensitive_attributes": []
        }
      ]
    },
    {
      "mode": "data",
      "type": "aws_vpc",
      "name": "default",
      "provider": "provider[\"registry.terraform.io/hashicorp/aws\"]",
      "instances": [
        {
          "schema_version": 0,
          "attributes": {
            "arn": "arn:aws:ec2:eu-west-2:469147938340:vpc/vpc-034bd97ef4ff91778",
            "cidr_block": "172.31.0.0/16",
            "cidr_block_associations": [
              {
                "association_id": "vpc-cidr-assoc-0f156a853774afbc3",
                "cidr_block": "172.31.0.0/16",
                "state": "associated"
              }
            ],
            "default": true,
            "dhcp_options_id": "dopt-011a2eaf3711b6821",
            "enable_dns_hostnames": true,
            "enable_dns_support": true,
            "enable_network_address_usage_metrics": false,
            "filter": null,
            "id": "vpc-034bd97ef4ff91778",
            "instance_tenancy": "default",
            "ipv6_association_id": "",
            "ipv6_cidr_block": "",
            "main_route_table_id": "rtb-06be2f8c89161a8a8",
            "owner_id": "469147938340",
            "state": null,
            "tags": {},
            "timeouts": null
          },
          "sensitive_attributes": []
        }
      ]
    },
    {
      "mode": "managed",
      "type": "aws_api_gateway_api_key",
      "name": "api_key",
      "provider": "provider[\"registry.terraform.io/hashicorp/aws\"]",
      "instances": [
        {
          "schema_version": 0,
          "attributes": {
            "arn": "arn:aws:apigateway:eu-west-2::/apikeys/7z7nqxwkkd",
            "created_date": "2024-02-23T16:59:51Z",
            "description": "API Key for article-gpt",
            "enabled": true,
            "id": "7z7nqxwkkd",
            "last_updated_date": "2024-02-23T16:59:51Z",
            "name": "article-gpt-api-key",
            "tags": {},
            "tags_all": {},
            "value": "CJa2XPKASd2VZbot5MlHIa865ZHv1sz2acLljziV"
          },
          "sensitive_attributes": [],
          "private": "bnVsbA=="
        }
      ]
    },
    {
      "mode": "managed",
      "type": "aws_api_gateway_deployment",
      "name": "api_deployment",
      "provider": "provider[\"registry.terraform.io/hashicorp/aws\"]",
      "instances": [
        {
          "schema_version": 0,
          "attributes": {
            "created_date": "2024-02-23T17:02:56Z",
            "description": "",
            "execution_arn": "arn:aws:execute-api:eu-west-2:469147938340:vmnqyqi7ma/v1",
            "id": "833ess",
            "invoke_url": "https://vmnqyqi7ma.execute-api.eu-west-2.amazonaws.com/v1",
            "rest_api_id": "vmnqyqi7ma",
            "stage_description": null,
            "stage_name": "v1",
            "triggers": null,
            "variables": null
          },
          "sensitive_attributes": [],
          "private": "bnVsbA==",
          "dependencies": [
            "aws_api_gateway_integration.health_integration",
            "aws_api_gateway_method.health_method",
            "aws_api_gateway_resource.health_resource",
            "aws_api_gateway_rest_api.api",
            "aws_lb.alb",
            "aws_security_group.alb_sg",
            "data.aws_subnet_ids.default",
            "data.aws_vpc.default"
          ]
        }
      ]
    },
    {
      "mode": "managed",
      "type": "aws_api_gateway_integration",
      "name": "health_integration",
      "provider": "provider[\"registry.terraform.io/hashicorp/aws\"]",
      "instances": [
        {
          "schema_version": 0,
          "attributes": {
            "cache_key_parameters": [],
            "cache_namespace": "lxn41c",
            "connection_id": "",
            "connection_type": "INTERNET",
            "content_handling": "",
            "credentials": "",
            "http_method": "GET",
            "id": "agi-vmnqyqi7ma-lxn41c-GET",
            "integration_http_method": "GET",
            "passthrough_behavior": "WHEN_NO_MATCH",
            "request_parameters": {},
            "request_templates": {},
            "resource_id": "lxn41c",
            "rest_api_id": "vmnqyqi7ma",
            "timeout_milliseconds": 29000,
            "tls_config": [],
            "type": "HTTP_PROXY",
            "uri": "http://article-gpt-alb-874665251.eu-west-2.elb.amazonaws.com/health"
          },
          "sensitive_attributes": [],
          "private": "bnVsbA==",
          "dependencies": [
            "aws_api_gateway_method.health_method",
            "aws_api_gateway_resource.health_resource",
            "aws_api_gateway_rest_api.api",
            "aws_lb.alb",
            "aws_security_group.alb_sg",
            "data.aws_subnet_ids.default",
            "data.aws_vpc.default"
          ]
        }
      ]
    },
    {
      "mode": "managed",
      "type": "aws_api_gateway_method",
      "name": "health_method",
      "provider": "provider[\"registry.terraform.io/hashicorp/aws\"]",
      "instances": [
        {
          "schema_version": 0,
          "attributes": {
            "api_key_required": true,
            "authorization": "NONE",
            "authorization_scopes": [],
            "authorizer_id": "",
            "http_method": "GET",
            "id": "agm-vmnqyqi7ma-lxn41c-GET",
            "operation_name": "",
            "request_models": {},
            "request_parameters": {},
            "request_validator_id": "",
            "resource_id": "lxn41c",
            "rest_api_id": "vmnqyqi7ma"
          },
          "sensitive_attributes": [],
          "private": "bnVsbA==",
          "dependencies": [
            "aws_api_gateway_resource.health_resource",
            "aws_api_gateway_rest_api.api"
          ]
        }
      ]
    },
    {
      "mode": "managed",
      "type": "aws_api_gateway_resource",
      "name": "health_resource",
      "provider": "provider[\"registry.terraform.io/hashicorp/aws\"]",
      "instances": [
        {
          "schema_version": 0,
          "attributes": {
            "id": "lxn41c",
            "parent_id": "jvft2l2lb5",
            "path": "/health",
            "path_part": "health",
            "rest_api_id": "vmnqyqi7ma"
          },
          "sensitive_attributes": [],
          "private": "bnVsbA==",
          "dependencies": [
            "aws_api_gateway_rest_api.api"
          ]
        }
      ]
    },
    {
      "mode": "managed",
      "type": "aws_api_gateway_rest_api",
      "name": "api",
      "provider": "provider[\"registry.terraform.io/hashicorp/aws\"]",
      "instances": [
        {
          "schema_version": 0,
          "attributes": {
            "api_key_source": "HEADER",
            "arn": "arn:aws:apigateway:eu-west-2::/restapis/vmnqyqi7ma",
            "binary_media_types": [],
            "body": null,
            "created_date": "2024-02-23T16:59:52Z",
            "description": "API Gateway to expose Fargate Service",
            "disable_execute_api_endpoint": false,
            "endpoint_configuration": [
              {
                "types": [
                  "EDGE"
                ],
                "vpc_endpoint_ids": []
              }
            ],
            "execution_arn": "arn:aws:execute-api:eu-west-2:469147938340:vmnqyqi7ma",
            "fail_on_warnings": null,
            "id": "vmnqyqi7ma",
            "minimum_compression_size": -1,
            "name": "FargateServiceAPI",
            "parameters": null,
            "policy": "",
            "put_rest_api_mode": null,
            "root_resource_id": "jvft2l2lb5",
            "tags": {},
            "tags_all": {}
          },
          "sensitive_attributes": [],
          "private": "bnVsbA=="
        }
      ]
    },
    {
      "mode": "managed",
      "type": "aws_api_gateway_usage_plan",
      "name": "usage_plan",
      "provider": "provider[\"registry.terraform.io/hashicorp/aws\"]",
      "instances": [
        {
          "schema_version": 0,
          "attributes": {
            "api_stages": [
              {
                "api_id": "vmnqyqi7ma",
                "stage": "v1",
                "throttle": []
              }
            ],
            "arn": "arn:aws:apigateway:eu-west-2::/usageplans/pe5bte",
            "description": "Usage Plan for article-gpt",
            "id": "pe5bte",
            "name": "article-gpt-usage-plan",
            "product_code": "article-gpt",
            "quota_settings": [],
            "tags": {},
            "tags_all": {},
            "throttle_settings": []
          },
          "sensitive_attributes": [],
          "private": "bnVsbA==",
          "dependencies": [
            "aws_api_gateway_deployment.api_deployment",
            "aws_api_gateway_integration.health_integration",
            "aws_api_gateway_method.health_method",
            "aws_api_gateway_resource.health_resource",
            "aws_api_gateway_rest_api.api",
            "aws_lb.alb",
            "aws_security_group.alb_sg",
            "data.aws_subnet_ids.default",
            "data.aws_vpc.default"
          ]
        }
      ]
    },
    {
      "mode": "managed",
      "type": "aws_api_gateway_usage_plan_key",
      "name": "api_key_association",
      "provider": "provider[\"registry.terraform.io/hashicorp/aws\"]",
      "instances": [
        {
          "schema_version": 0,
          "attributes": {
            "id": "7z7nqxwkkd",
            "key_id": "7z7nqxwkkd",
            "key_type": "API_KEY",
            "name": "article-gpt-api-key",
            "usage_plan_id": "pe5bte",
            "value": "CJa2XPKASd2VZbot5MlHIa865ZHv1sz2acLljziV"
          },
          "sensitive_attributes": [],
          "private": "bnVsbA==",
          "dependencies": [
            "aws_api_gateway_api_key.api_key",
            "aws_api_gateway_deployment.api_deployment",
            "aws_api_gateway_integration.health_integration",
            "aws_api_gateway_method.health_method",
            "aws_api_gateway_resource.health_resource",
            "aws_api_gateway_rest_api.api",
            "aws_api_gateway_usage_plan.usage_plan",
            "aws_lb.alb",
            "aws_security_group.alb_sg",
            "data.aws_subnet_ids.default",
            "data.aws_vpc.default"
          ]
        }
      ]
    },
    {
      "mode": "managed",
      "type": "aws_ecs_cluster",
      "name": "ecs_cluster",
      "provider": "provider[\"registry.terraform.io/hashicorp/aws\"]",
      "instances": [
        {
          "schema_version": 0,
          "attributes": {
            "arn": "arn:aws:ecs:eu-west-2:469147938340:cluster/article-gpt-ecs-cluster",
            "capacity_providers": [],
            "configuration": [],
            "default_capacity_provider_strategy": [],
            "id": "arn:aws:ecs:eu-west-2:469147938340:cluster/article-gpt-ecs-cluster",
            "name": "article-gpt-ecs-cluster",
            "service_connect_defaults": [],
            "setting": [
              {
                "name": "containerInsights",
                "value": "disabled"
              }
            ],
            "tags": {},
            "tags_all": {}
          },
          "sensitive_attributes": [],
          "private": "bnVsbA=="
        }
      ]
    },
    {
      "mode": "managed",
      "type": "aws_ecs_service",
      "name": "fargate_service",
      "provider": "provider[\"registry.terraform.io/hashicorp/aws\"]",
      "instances": [
        {
          "schema_version": 0,
          "attributes": {
            "alarms": [],
            "capacity_provider_strategy": [],
            "cluster": "arn:aws:ecs:eu-west-2:469147938340:cluster/article-gpt-ecs-cluster",
            "deployment_circuit_breaker": [
              {
                "enable": false,
                "rollback": false
              }
            ],
            "deployment_controller": [
              {
                "type": "ECS"
              }
            ],
            "deployment_maximum_percent": 200,
            "deployment_minimum_healthy_percent": 100,
            "desired_count": 1,
            "enable_ecs_managed_tags": false,
            "enable_execute_command": false,
            "force_new_deployment": null,
            "health_check_grace_period_seconds": 0,
            "iam_role": "/aws-service-role/ecs.amazonaws.com/AWSServiceRoleForECS",
            "id": "arn:aws:ecs:eu-west-2:469147938340:service/article-gpt-ecs-cluster/article-gpt-fargate-service",
            "launch_type": "FARGATE",
            "load_balancer": [
              {
                "container_name": "article-gpt-container",
                "container_port": 80,
                "elb_name": "",
                "target_group_arn": "arn:aws:elasticloadbalancing:eu-west-2:469147938340:targetgroup/article-gpt-target-group/efa4b6b559917e99"
              }
            ],
            "name": "article-gpt-fargate-service",
            "network_configuration": [
              {
                "assign_public_ip": true,
                "security_groups": [
                  "sg-0d9c9f088bc369bff"
                ],
                "subnets": [
                  "subnet-00b3dd1c1ae07dc70",
                  "subnet-00fce10bbd7d3bbda",
                  "subnet-0914d6747b8580db7"
                ]
              }
            ],
            "ordered_placement_strategy": [],
            "placement_constraints": [],
            "platform_version": "LATEST",
            "propagate_tags": "NONE",
            "scheduling_strategy": "REPLICA",
            "service_connect_configuration": [],
            "service_registries": [],
            "tags": {},
            "tags_all": {},
            "task_definition": "arn:aws:ecs:eu-west-2:469147938340:task-definition/article-gpt-ecs-task:8",
            "timeouts": null,
            "triggers": {},
            "wait_for_steady_state": false
          },
          "sensitive_attributes": [],
          "private": "eyJlMmJmYjczMC1lY2FhLTExZTYtOGY4OC0zNDM2M2JjN2M0YzAiOnsiY3JlYXRlIjoxMjAwMDAwMDAwMDAwLCJkZWxldGUiOjEyMDAwMDAwMDAwMDAsInVwZGF0ZSI6MTIwMDAwMDAwMDAwMH19",
          "dependencies": [
            "aws_ecs_cluster.ecs_cluster",
            "aws_ecs_task_definition.article_gpt_task",
            "aws_iam_role.ecs_task_execution_role",
            "aws_lb_target_group.alb_target_group",
            "aws_security_group.fargate_sg",
            "data.aws_subnet_ids.default",
            "data.aws_vpc.default",
            "module.ecr.aws_ecr_repository.this",
            "module.ecr.aws_ecrpublic_repository.this"
          ]
        }
      ]
    },
    {
      "mode": "managed",
      "type": "aws_ecs_task_definition",
      "name": "article_gpt_task",
      "provider": "provider[\"registry.terraform.io/hashicorp/aws\"]",
      "instances": [
        {
          "schema_version": 1,
          "attributes": {
            "arn": "arn:aws:ecs:eu-west-2:469147938340:task-definition/article-gpt-ecs-task:8",
            "arn_without_revision": "arn:aws:ecs:eu-west-2:469147938340:task-definition/article-gpt-ecs-task",
            "container_definitions": "[{\"cpu\":256,\"environment\":[],\"essential\":true,\"image\":\"469147938340.dkr.ecr.eu-west-2.amazonaws.com/article-gpt-ecs:latest\",\"memory\":512,\"mountPoints\":[],\"name\":\"article-gpt-container\",\"portMappings\":[{\"containerPort\":80,\"hostPort\":80,\"protocol\":\"tcp\"}],\"volumesFrom\":[]}]",
            "cpu": "256",
            "ephemeral_storage": [],
            "execution_role_arn": "arn:aws:iam::469147938340:role/article-gpt-ecs-task-execution-role",
            "family": "article-gpt-ecs-task",
            "id": "article-gpt-ecs-task",
            "inference_accelerator": [],
            "ipc_mode": "",
            "memory": "512",
            "network_mode": "awsvpc",
            "pid_mode": "",
            "placement_constraints": [],
            "proxy_configuration": [],
            "requires_compatibilities": [
              "FARGATE"
            ],
            "revision": 8,
            "runtime_platform": [
              {
                "cpu_architecture": "ARM64",
                "operating_system_family": "LINUX"
              }
            ],
            "skip_destroy": false,
            "tags": null,
            "tags_all": {},
            "task_role_arn": "",
            "volume": []
          },
          "sensitive_attributes": [],
          "private": "eyJzY2hlbWFfdmVyc2lvbiI6IjEifQ==",
          "dependencies": [
            "aws_iam_role.ecs_task_execution_role",
            "module.ecr.aws_ecr_repository.this",
            "module.ecr.aws_ecrpublic_repository.this"
          ]
        }
      ]
    },
    {
      "mode": "managed",
      "type": "aws_iam_policy",
      "name": "ecs_task_execution_policy",
      "provider": "provider[\"registry.terraform.io/hashicorp/aws\"]",
      "instances": [
        {
          "schema_version": 0,
          "attributes": {
            "arn": "arn:aws:iam::469147938340:policy/article-gpt-ecs-task-execution-policy",
            "description": "ECS Task Execution Role Policy",
            "id": "arn:aws:iam::469147938340:policy/article-gpt-ecs-task-execution-policy",
            "name": "article-gpt-ecs-task-execution-policy",
            "name_prefix": "",
            "path": "/",
            "policy": "{\"Statement\":[{\"Action\":[\"ecr:GetAuthorizationToken\",\"ecr:BatchCheckLayerAvailability\",\"ecr:GetDownloadUrlForLayer\",\"ecr:BatchGetImage\",\"logs:CreateLogStream\",\"logs:PutLogEvents\"],\"Effect\":\"Allow\",\"Resource\":\"*\"}],\"Version\":\"2012-10-17\"}",
            "policy_id": "ANPAW2O3FNYSKKBWXIY4N",
            "tags": {},
            "tags_all": {}
          },
          "sensitive_attributes": [],
          "private": "bnVsbA=="
        }
      ]
    },
    {
      "mode": "managed",
      "type": "aws_iam_role",
      "name": "ecs_task_execution_role",
      "provider": "provider[\"registry.terraform.io/hashicorp/aws\"]",
      "instances": [
        {
          "schema_version": 0,
          "attributes": {
            "arn": "arn:aws:iam::469147938340:role/article-gpt-ecs-task-execution-role",
            "assume_role_policy": "{\"Statement\":[{\"Action\":\"sts:AssumeRole\",\"Effect\":\"Allow\",\"Principal\":{\"Service\":\"ecs-tasks.amazonaws.com\"},\"Sid\":\"\"}],\"Version\":\"2012-10-17\"}",
            "create_date": "2024-02-23T16:59:52Z",
            "description": "",
            "force_detach_policies": false,
            "id": "article-gpt-ecs-task-execution-role",
            "inline_policy": [],
            "managed_policy_arns": [
              "arn:aws:iam::469147938340:policy/article-gpt-ecs-task-execution-policy"
            ],
            "max_session_duration": 3600,
            "name": "article-gpt-ecs-task-execution-role",
            "name_prefix": "",
            "path": "/",
            "permissions_boundary": null,
            "role_last_used": [
              {
                "last_used_date": "2024-02-23T18:06:38Z",
                "region": "eu-west-2"
              }
            ],
            "tags": {},
            "tags_all": {},
            "unique_id": "AROAW2O3FNYSGCY2VWYV2"
          },
          "sensitive_attributes": [],
          "private": "bnVsbA=="
        }
      ]
    },
    {
      "mode": "managed",
      "type": "aws_iam_role_policy_attachment",
      "name": "ecs_task_execution_role_policy_attachment",
      "provider": "provider[\"registry.terraform.io/hashicorp/aws\"]",
      "instances": [
        {
          "schema_version": 0,
          "attributes": {
            "id": "article-gpt-ecs-task-execution-role-20240223165952669500000001",
            "policy_arn": "arn:aws:iam::469147938340:policy/article-gpt-ecs-task-execution-policy",
            "role": "article-gpt-ecs-task-execution-role"
          },
          "sensitive_attributes": [],
          "private": "bnVsbA==",
          "dependencies": [
            "aws_iam_policy.ecs_task_execution_policy",
            "aws_iam_role.ecs_task_execution_role"
          ]
        }
      ]
    },
    {
      "mode": "managed",
      "type": "aws_lb",
      "name": "alb",
      "provider": "provider[\"registry.terraform.io/hashicorp/aws\"]",
      "instances": [
        {
          "schema_version": 0,
          "attributes": {
            "access_logs": [
              {
                "bucket": "",
                "enabled": false,
                "prefix": ""
              }
            ],
            "arn": "arn:aws:elasticloadbalancing:eu-west-2:469147938340:loadbalancer/app/article-gpt-alb/26c3693519588786",
            "arn_suffix": "app/article-gpt-alb/26c3693519588786",
            "customer_owned_ipv4_pool": "",
            "desync_mitigation_mode": "defensive",
            "dns_name": "article-gpt-alb-874665251.eu-west-2.elb.amazonaws.com",
            "drop_invalid_header_fields": false,
            "enable_cross_zone_load_balancing": true,
            "enable_deletion_protection": false,
            "enable_http2": true,
            "enable_tls_version_and_cipher_suite_headers": false,
            "enable_waf_fail_open": false,
            "enable_xff_client_port": false,
            "id": "arn:aws:elasticloadbalancing:eu-west-2:469147938340:loadbalancer/app/article-gpt-alb/26c3693519588786",
            "idle_timeout": 60,
            "internal": false,
            "ip_address_type": "ipv4",
            "load_balancer_type": "application",
            "name": "article-gpt-alb",
            "name_prefix": null,
            "preserve_host_header": false,
            "security_groups": [
              "sg-037fb47c9ad46fcd0"
            ],
            "subnet_mapping": [
              {
                "allocation_id": "",
                "ipv6_address": "",
                "outpost_id": "",
                "private_ipv4_address": "",
                "subnet_id": "subnet-00b3dd1c1ae07dc70"
              },
              {
                "allocation_id": "",
                "ipv6_address": "",
                "outpost_id": "",
                "private_ipv4_address": "",
                "subnet_id": "subnet-00fce10bbd7d3bbda"
              },
              {
                "allocation_id": "",
                "ipv6_address": "",
                "outpost_id": "",
                "private_ipv4_address": "",
                "subnet_id": "subnet-0914d6747b8580db7"
              }
            ],
            "subnets": [
              "subnet-00b3dd1c1ae07dc70",
              "subnet-00fce10bbd7d3bbda",
              "subnet-0914d6747b8580db7"
            ],
            "tags": {},
            "tags_all": {},
            "timeouts": null,
            "vpc_id": "vpc-034bd97ef4ff91778",
            "xff_header_processing_mode": "append",
            "zone_id": "ZHURV8PSTC4K8"
          },
          "sensitive_attributes": [],
          "private": "eyJlMmJmYjczMC1lY2FhLTExZTYtOGY4OC0zNDM2M2JjN2M0YzAiOnsiY3JlYXRlIjo2MDAwMDAwMDAwMDAsImRlbGV0ZSI6NjAwMDAwMDAwMDAwLCJ1cGRhdGUiOjYwMDAwMDAwMDAwMH19",
          "dependencies": [
            "aws_security_group.alb_sg",
            "data.aws_subnet_ids.default",
            "data.aws_vpc.default"
          ]
        }
      ]
    },
    {
      "mode": "managed",
      "type": "aws_lb_listener",
      "name": "alb_listener",
      "provider": "provider[\"registry.terraform.io/hashicorp/aws\"]",
      "instances": [
        {
          "schema_version": 0,
          "attributes": {
            "alpn_policy": null,
            "arn": "arn:aws:elasticloadbalancing:eu-west-2:469147938340:listener/app/article-gpt-alb/26c3693519588786/56388b5958e296d8",
            "certificate_arn": null,
            "default_action": [
              {
                "authenticate_cognito": [],
                "authenticate_oidc": [],
                "fixed_response": [],
                "forward": [],
                "order": 1,
                "redirect": [],
                "target_group_arn": "arn:aws:elasticloadbalancing:eu-west-2:469147938340:targetgroup/article-gpt-target-group/efa4b6b559917e99",
                "type": "forward"
              }
            ],
            "id": "arn:aws:elasticloadbalancing:eu-west-2:469147938340:listener/app/article-gpt-alb/26c3693519588786/56388b5958e296d8",
            "load_balancer_arn": "arn:aws:elasticloadbalancing:eu-west-2:469147938340:loadbalancer/app/article-gpt-alb/26c3693519588786",
            "port": 80,
            "protocol": "HTTP",
            "ssl_policy": "",
            "tags": {},
            "tags_all": {},
            "timeouts": null
          },
          "sensitive_attributes": [],
          "private": "eyJlMmJmYjczMC1lY2FhLTExZTYtOGY4OC0zNDM2M2JjN2M0YzAiOnsicmVhZCI6NjAwMDAwMDAwMDAwfX0=",
          "dependencies": [
            "aws_lb.alb",
            "aws_lb_target_group.alb_target_group",
            "aws_security_group.alb_sg",
            "data.aws_subnet_ids.default",
            "data.aws_vpc.default"
          ]
        }
      ]
    },
    {
      "mode": "managed",
      "type": "aws_lb_target_group",
      "name": "alb_target_group",
      "provider": "provider[\"registry.terraform.io/hashicorp/aws\"]",
      "instances": [
        {
          "schema_version": 0,
          "attributes": {
            "arn": "arn:aws:elasticloadbalancing:eu-west-2:469147938340:targetgroup/article-gpt-target-group/efa4b6b559917e99",
            "arn_suffix": "targetgroup/article-gpt-target-group/efa4b6b559917e99",
            "connection_termination": false,
            "deregistration_delay": "300",
            "health_check": [
              {
                "enabled": true,
                "healthy_threshold": 3,
                "interval": 30,
                "matcher": "200",
                "path": "/health",
                "port": "traffic-port",
                "protocol": "HTTP",
                "timeout": 5,
                "unhealthy_threshold": 3
              }
            ],
            "id": "arn:aws:elasticloadbalancing:eu-west-2:469147938340:targetgroup/article-gpt-target-group/efa4b6b559917e99",
            "ip_address_type": "ipv4",
            "lambda_multi_value_headers_enabled": false,
            "load_balancing_algorithm_type": "round_robin",
            "load_balancing_cross_zone_enabled": "use_load_balancer_configuration",
            "name": "article-gpt-target-group",
            "name_prefix": null,
            "port": 80,
            "preserve_client_ip": null,
            "protocol": "HTTP",
            "protocol_version": "HTTP1",
            "proxy_protocol_v2": false,
            "slow_start": 0,
            "stickiness": [
              {
                "cookie_duration": 86400,
                "cookie_name": "",
                "enabled": false,
                "type": "lb_cookie"
              }
            ],
            "tags": {},
            "tags_all": {},
            "target_failover": [
              {
                "on_deregistration": null,
                "on_unhealthy": null
              }
            ],
            "target_type": "ip",
            "vpc_id": "vpc-034bd97ef4ff91778"
          },
          "sensitive_attributes": [],
          "private": "bnVsbA==",
          "dependencies": [
            "data.aws_vpc.default"
          ]
        }
      ]
    },
    {
      "mode": "managed",
      "type": "aws_security_group",
      "name": "alb_sg",
      "provider": "provider[\"registry.terraform.io/hashicorp/aws\"]",
      "instances": [
        {
          "schema_version": 1,
          "attributes": {
            "arn": "arn:aws:ec2:eu-west-2:469147938340:security-group/sg-037fb47c9ad46fcd0",
            "description": "Allow web traffic to ALB",
            "egress": [
              {
                "cidr_blocks": [
                  "0.0.0.0/0"
                ],
                "description": "",
                "from_port": 0,
                "ipv6_cidr_blocks": [],
                "prefix_list_ids": [],
                "protocol": "-1",
                "security_groups": [],
                "self": false,
                "to_port": 0
              }
            ],
            "id": "sg-037fb47c9ad46fcd0",
            "ingress": [
              {
                "cidr_blocks": [
                  "0.0.0.0/0"
                ],
                "description": "",
                "from_port": 80,
                "ipv6_cidr_blocks": [],
                "prefix_list_ids": [],
                "protocol": "tcp",
                "security_groups": [],
                "self": false,
                "to_port": 80
              }
            ],
            "name": "alb-sg",
            "name_prefix": "",
            "owner_id": "469147938340",
            "revoke_rules_on_delete": false,
            "tags": {},
            "tags_all": {},
            "timeouts": null,
            "vpc_id": "vpc-034bd97ef4ff91778"
          },
          "sensitive_attributes": [],
          "private": "eyJlMmJmYjczMC1lY2FhLTExZTYtOGY4OC0zNDM2M2JjN2M0YzAiOnsiY3JlYXRlIjo2MDAwMDAwMDAwMDAsImRlbGV0ZSI6OTAwMDAwMDAwMDAwfSwic2NoZW1hX3ZlcnNpb24iOiIxIn0=",
          "dependencies": [
            "data.aws_vpc.default"
          ]
        }
      ]
    },
    {
      "mode": "managed",
      "type": "aws_security_group",
      "name": "fargate_sg",
      "provider": "provider[\"registry.terraform.io/hashicorp/aws\"]",
      "instances": [
        {
          "schema_version": 1,
          "attributes": {
            "arn": "arn:aws:ec2:eu-west-2:469147938340:security-group/sg-0d9c9f088bc369bff",
            "description": "Allow web traffic to Fargate service",
            "egress": [
              {
                "cidr_blocks": [
                  "0.0.0.0/0"
                ],
                "description": "",
                "from_port": 0,
                "ipv6_cidr_blocks": [],
                "prefix_list_ids": [],
                "protocol": "-1",
                "security_groups": [],
                "self": false,
                "to_port": 0
              }
            ],
            "id": "sg-0d9c9f088bc369bff",
            "ingress": [
              {
                "cidr_blocks": [
                  "0.0.0.0/0"
                ],
                "description": "",
                "from_port": 80,
                "ipv6_cidr_blocks": [],
                "prefix_list_ids": [],
                "protocol": "tcp",
                "security_groups": [],
                "self": false,
                "to_port": 80
              }
            ],
            "name": "fargate-service-sg",
            "name_prefix": "",
            "owner_id": "469147938340",
            "revoke_rules_on_delete": false,
            "tags": {},
            "tags_all": {},
            "timeouts": null,
            "vpc_id": "vpc-034bd97ef4ff91778"
          },
          "sensitive_attributes": [],
          "private": "eyJlMmJmYjczMC1lY2FhLTExZTYtOGY4OC0zNDM2M2JjN2M0YzAiOnsiY3JlYXRlIjo2MDAwMDAwMDAwMDAsImRlbGV0ZSI6OTAwMDAwMDAwMDAwfSwic2NoZW1hX3ZlcnNpb24iOiIxIn0=",
          "dependencies": [
            "data.aws_vpc.default"
          ]
        }
      ]
    },
    {
      "mode": "managed",
      "type": "docker_image",
      "name": "this",
      "provider": "provider[\"registry.terraform.io/kreuzwerker/docker\"]",
      "instances": [
        {
          "schema_version": 0,
          "attributes": {
            "build": [
              {
                "auth_config": [],
                "build_arg": {},
                "build_args": {},
                "build_id": "",
                "cache_from": [],
                "cgroup_parent": "",
                "context": "article-gpt/",
                "cpu_period": 0,
                "cpu_quota": 0,
                "cpu_set_cpus": "",
                "cpu_set_mems": "",
                "cpu_shares": 0,
                "dockerfile": "Dockerfile",
                "extra_hosts": [],
                "force_remove": false,
                "isolation": "",
                "label": {},
                "labels": {},
                "memory": 0,
                "memory_swap": 0,
                "network_mode": "",
                "no_cache": false,
                "platform": "",
                "pull_parent": false,
                "remote_context": "",
                "remove": true,
                "security_opt": [],
                "session_id": "",
                "shm_size": 0,
                "squash": false,
                "suppress_output": false,
                "tag": [],
                "target": "",
                "ulimit": [],
                "version": ""
              }
            ],
            "force_remove": null,
            "id": "sha256:fcdbfeb3cbb167e1720eb4668242c4aeb97c0aed7ebc6de94c1fada2ba6b88f7469147938340.dkr.ecr.eu-west-2.amazonaws.com/article-gpt-ecs:latest",
            "image_id": "sha256:fcdbfeb3cbb167e1720eb4668242c4aeb97c0aed7ebc6de94c1fada2ba6b88f7",
            "keep_locally": null,
            "name": "469147938340.dkr.ecr.eu-west-2.amazonaws.com/article-gpt-ecs:latest",
            "platform": null,
            "pull_triggers": null,
            "repo_digest": "469147938340.dkr.ecr.eu-west-2.amazonaws.com/article-gpt-ecs@sha256:b99e37ccb9f2e63cba786ecdc919c9a54f6f0a20563e9b30f59e0da8de0c390c",
            "triggers": null
          },
          "sensitive_attributes": [],
          "private": "bnVsbA==",
          "dependencies": [
            "data.aws_caller_identity.this",
            "data.aws_ecr_authorization_token.this",
            "data.aws_region.this",
            "module.ecr.aws_ecr_repository.this",
            "module.ecr.aws_ecrpublic_repository.this"
          ]
        }
      ]
    },
    {
      "mode": "managed",
      "type": "docker_registry_image",
      "name": "this",
      "provider": "provider[\"registry.terraform.io/kreuzwerker/docker\"]",
      "instances": [
        {
          "schema_version": 0,
          "attributes": {
            "id": "sha256:b99e37ccb9f2e63cba786ecdc919c9a54f6f0a20563e9b30f59e0da8de0c390c",
            "insecure_skip_verify": false,
            "keep_remotely": true,
            "name": "469147938340.dkr.ecr.eu-west-2.amazonaws.com/article-gpt-ecs:latest",
            "sha256_digest": "sha256:b99e37ccb9f2e63cba786ecdc919c9a54f6f0a20563e9b30f59e0da8de0c390c",
            "triggers": null
          },
          "sensitive_attributes": [],
          "private": "bnVsbA==",
          "dependencies": [
            "data.aws_caller_identity.this",
            "data.aws_ecr_authorization_token.this",
            "data.aws_region.this",
            "docker_image.this",
            "module.ecr.aws_ecr_repository.this",
            "module.ecr.aws_ecrpublic_repository.this"
          ]
        }
      ]
    },
    {
      "module": "module.ecr",
      "mode": "data",
      "type": "aws_caller_identity",
      "name": "current",
      "provider": "provider[\"registry.terraform.io/hashicorp/aws\"]",
      "instances": [
        {
          "schema_version": 0,
          "attributes": {
            "account_id": "469147938340",
            "arn": "arn:aws:sts::469147938340:assumed-role/AWSReservedSSO_AdministratorAccess_77548aa0ca371ffb/andredp@aleios.com",
            "id": "469147938340",
            "user_id": "AROAW2O3FNYSF6TXKB6DH:andredp@aleios.com"
          },
          "sensitive_attributes": []
        }
      ]
    },
    {
      "module": "module.ecr",
      "mode": "data",
      "type": "aws_iam_policy_document",
      "name": "repository",
      "provider": "provider[\"registry.terraform.io/hashicorp/aws\"]",
      "instances": [
        {
          "index_key": 0,
          "schema_version": 0,
          "attributes": {
            "id": "3094468005",
            "json": "{\n  \"Version\": \"2012-10-17\",\n  \"Statement\": [\n    {\n      \"Sid\": \"PrivateReadOnly\",\n      \"Effect\": \"Allow\",\n      \"Action\": [\n        \"ecr:ListTagsForResource\",\n        \"ecr:ListImages\",\n        \"ecr:GetRepositoryPolicy\",\n        \"ecr:GetLifecyclePolicyPreview\",\n        \"ecr:GetLifecyclePolicy\",\n        \"ecr:GetDownloadUrlForLayer\",\n        \"ecr:GetAuthorizationToken\",\n        \"ecr:DescribeRepositories\",\n        \"ecr:DescribeImages\",\n        \"ecr:DescribeImageScanFindings\",\n        \"ecr:BatchGetImage\",\n        \"ecr:BatchCheckLayerAvailability\"\n      ],\n      \"Principal\": {\n        \"AWS\": \"arn:aws:iam::469147938340:root\"\n      }\n    }\n  ]\n}",
            "override_json": null,
            "override_policy_documents": null,
            "policy_id": null,
            "source_json": null,
            "source_policy_documents": null,
            "statement": [
              {
                "actions": [
                  "ecr:BatchCheckLayerAvailability",
                  "ecr:BatchGetImage",
                  "ecr:DescribeImageScanFindings",
                  "ecr:DescribeImages",
                  "ecr:DescribeRepositories",
                  "ecr:GetAuthorizationToken",
                  "ecr:GetDownloadUrlForLayer",
                  "ecr:GetLifecyclePolicy",
                  "ecr:GetLifecyclePolicyPreview",
                  "ecr:GetRepositoryPolicy",
                  "ecr:ListImages",
                  "ecr:ListTagsForResource"
                ],
                "condition": [],
                "effect": "Allow",
                "not_actions": [],
                "not_principals": [],
                "not_resources": [],
                "principals": [
                  {
                    "identifiers": [
                      "arn:aws:iam::469147938340:root"
                    ],
                    "type": "AWS"
                  }
                ],
                "resources": [],
                "sid": "PrivateReadOnly"
              }
            ],
            "version": "2012-10-17"
          },
          "sensitive_attributes": []
        }
      ]
    },
    {
      "module": "module.ecr",
      "mode": "data",
      "type": "aws_partition",
      "name": "current",
      "provider": "provider[\"registry.terraform.io/hashicorp/aws\"]",
      "instances": [
        {
          "schema_version": 0,
          "attributes": {
            "dns_suffix": "amazonaws.com",
            "id": "aws",
            "partition": "aws",
            "reverse_dns_prefix": "com.amazonaws"
          },
          "sensitive_attributes": []
        }
      ]
    },
    {
      "module": "module.ecr",
      "mode": "managed",
      "type": "aws_ecr_lifecycle_policy",
      "name": "this",
      "provider": "provider[\"registry.terraform.io/hashicorp/aws\"]",
      "instances": [
        {
          "index_key": 0,
          "schema_version": 0,
          "attributes": {
            "id": "article-gpt-ecs",
            "policy": "{\"rules\":[{\"action\":{\"type\":\"expire\"},\"description\":\"Delete all images except a handful of the newest images\",\"rulePriority\":1,\"selection\":{\"countNumber\":3,\"countType\":\"imageCountMoreThan\",\"tagStatus\":\"any\"}}]}",
            "registry_id": "469147938340",
            "repository": "article-gpt-ecs"
          },
          "sensitive_attributes": [],
          "private": "bnVsbA==",
          "dependencies": [
            "module.ecr.aws_ecr_repository.this"
          ]
        }
      ]
    },
    {
      "module": "module.ecr",
      "mode": "managed",
      "type": "aws_ecr_repository",
      "name": "this",
      "provider": "provider[\"registry.terraform.io/hashicorp/aws\"]",
      "instances": [
        {
          "index_key": 0,
          "schema_version": 0,
          "attributes": {
            "arn": "arn:aws:ecr:eu-west-2:469147938340:repository/article-gpt-ecs",
            "encryption_configuration": [
              {
                "encryption_type": "AES256",
                "kms_key": ""
              }
            ],
            "force_delete": true,
            "id": "article-gpt-ecs",
            "image_scanning_configuration": [
              {
                "scan_on_push": true
              }
            ],
            "image_tag_mutability": "IMMUTABLE",
            "name": "article-gpt-ecs",
            "registry_id": "469147938340",
            "repository_url": "469147938340.dkr.ecr.eu-west-2.amazonaws.com/article-gpt-ecs",
            "tags": {},
            "tags_all": {},
            "timeouts": null
          },
          "sensitive_attributes": [],
          "private": "eyJlMmJmYjczMC1lY2FhLTExZTYtOGY4OC0zNDM2M2JjN2M0YzAiOnsiZGVsZXRlIjoxMjAwMDAwMDAwMDAwfX0="
        }
      ]
    },
    {
      "module": "module.ecr",
      "mode": "managed",
      "type": "aws_ecr_repository_policy",
      "name": "this",
      "provider": "provider[\"registry.terraform.io/hashicorp/aws\"]",
      "instances": [
        {
          "index_key": 0,
          "schema_version": 0,
          "attributes": {
            "id": "article-gpt-ecs",
            "policy": "{\"Statement\":[{\"Action\":[\"ecr:ListTagsForResource\",\"ecr:ListImages\",\"ecr:GetRepositoryPolicy\",\"ecr:GetLifecyclePolicyPreview\",\"ecr:GetLifecyclePolicy\",\"ecr:GetDownloadUrlForLayer\",\"ecr:GetAuthorizationToken\",\"ecr:DescribeRepositories\",\"ecr:DescribeImages\",\"ecr:DescribeImageScanFindings\",\"ecr:BatchGetImage\",\"ecr:BatchCheckLayerAvailability\"],\"Effect\":\"Allow\",\"Principal\":{\"AWS\":\"arn:aws:iam::469147938340:root\"},\"Sid\":\"PrivateReadOnly\"}],\"Version\":\"2012-10-17\"}",
            "registry_id": "469147938340",
            "repository": "article-gpt-ecs"
          },
          "sensitive_attributes": [],
          "private": "bnVsbA==",
          "dependencies": [
            "module.ecr.aws_ecr_repository.this",
            "module.ecr.data.aws_caller_identity.current",
            "module.ecr.data.aws_iam_policy_document.repository",
            "module.ecr.data.aws_partition.current"
          ]
        }
      ]
    }
  ],
  "check_results": null
}
